
Microsoft Visual Studio Solution File, Format Version 12.00
# Visual Studio 15
VisualStudioVersion = 15.0.28307.1684
MinimumVisualStudioVersion = 10.0.40219.1
Project("{FAE04EC0-301F-11D3-BF4B-00C04F79EFBC}") = "Online_Booking_System_", "Online_Booking_System_\Online_Booking_System_.csproj", "{99C7BE73-8052-478A-9331-EA94D1292C58}"
EndProject
Global
	GlobalSection(SolutionConfigurationPlatforms) = preSolution
		Debug|Any CPU = Debug|Any CPU
		Release|Any CPU = Release|Any CPU
	EndGlobalSection
	GlobalSection(ProjectConfigurationPlatforms) = postSolution
		{99C7BE73-8052-478A-9331-EA94D1292C58}.Debug|Any CPU.ActiveCfg = Debug|Any CPU
		{99C7BE73-8052-478A-9331-EA94D1292C58}.Debug|Any CPU.Build.0 = Debug|Any CPU
		{99C7BE73-8052-478A-9331-EA94D1292C58}.Release|Any CPU.ActiveCfg = Release|Any CPU
		{99C7BE73-8052-478A-9331-EA94D1292C58}.Release|Any CPU.Build.0 = Release|Any CPU
	EndGlobalSection
	GlobalSection(SolutionProperties) = preSolution
		HideSolutionNode = FALSE
	EndGlobalSection
	GlobalSection(ExtensibilityGlobals) = postSolution
		SolutionGuid = {AEECEDB3-5EAA-4EFE-9A13-7B1ADF8C1F68}
	EndGlobalSection
EndGlobal
